{
  "requires": true,
  "lockfileVersion": 1,
  "dependencies": {
    "denque": {
      "version": "1.4.0",
      "resolved": "https://registry.npmjs.org/denque/-/denque-1.4.0.tgz",
      "integrity": "sha512-gh513ac7aiKrAgjiIBWZG0EASyDF9p4JMWwKA8YU5s9figrL5SRNEMT6FDynsegakuhWd1wVqTvqvqAoDxw7wQ=="
    },
    "generate-function": {
      "version": "2.3.1",
      "resolved": "https://registry.npmjs.org/generate-function/-/generate-function-2.3.1.tgz",
      "integrity": "sha512-eeB5GfMNeevm/GRYq20ShmsaGcmI81kIX2K9XQx5miC8KdHaC6Jm0qQ8ZNeGOi7wYB8OsdxKs+Y2oVuTFuVwKQ==",
      "requires": {
        "is-property": "^1.0.2"
      }
    },
    "iconv-lite": {
      "version": "0.4.24",
      "resolved": "https://registry.npmjs.org/iconv-lite/-/iconv-lite-0.4.24.tgz",
      "integrity": "sha512-v3MXnZAcvnywkTUEZomIActle7RXXeedOR31wwl7VlyoXO4Qi9arvSenNQWne1TcRwhCL1HwLI21bEqdpj8/rA==",
      "requires": {
        "safer-buffer": ">= 2.1.2 < 3"
      }
    },
    "is-property": {
      "version": "1.0.2",
      "resolved": "https://registry.npmjs.org/is-property/-/is-property-1.0.2.tgz",
      "integrity": "sha1-V/4cTkhHTt1lsJkR8msc1Ald2oQ="
    },
    "long": {
      "version": "4.0.0",
      "resolved": "https://registry.npmjs.org/long/-/long-4.0.0.tgz",
      "integrity": "sha512-XsP+KhQif4bjX1kbuSiySJFNAehNxgLb6hPRGJ9QsUr8ajHkuXGdrHmFUTUUXhDwVX2R5bY4JNZEwbUiMhV+MA=="
    },
    "lru-cache": {
      "version": "4.1.5",
      "resolved": "https://registry.npmjs.org/lru-cache/-/lru-cache-4.1.5.tgz",
      "integrity": "sha512-sWZlbEP2OsHNkXrMl5GYk/jKk70MBng6UU4YI/qGDYbgf6YbP4EvmqISbXCoJiRKs+1bSpFHVgQxvJ17F2li5g==",
      "requires": {
        "pseudomap": "^1.0.2",
        "yallist": "^2.1.2"
      }
    },
    "mysql": {
      "version": "2.16.0",
      "resolved": "http://registry.npm.taobao.org/mysql/download/mysql-2.16.0.tgz",
      "dependencies": {
        "bignumber.js": {
          "version": "http://registry.npm.taobao.org/bignumber.js/download/bignumber.js-4.1.0.tgz",
          "bundled": true
        },
        "readable-stream": {
          "version": "http://registry.npm.taobao.org/readable-stream/download/readable-stream-2.3.6.tgz",
          "bundled": true
        },
        "safe-buffer": {
          "version": "http://registry.npm.taobao.org/safe-buffer/download/safe-buffer-5.1.2.tgz",
          "bundled": true
        },
        "sqlstring": {
          "version": "http://registry.npm.taobao.org/sqlstring/download/sqlstring-2.3.1.tgz",
          "bundled": true
        }
      }
    },
    "mysql2": {
      "version": "1.6.5",
      "resolved": "https://registry.npmjs.org/mysql2/-/mysql2-1.6.5.tgz",
      "integrity": "sha512-zedaOOyb3msuuZcJJnxIX/EGOpmljDG7B+UevRH5lqcv+yhy9eCwkArBz8/AO+/rlY3/oCsOdG8R5oD6k0hNfg==",
      "requires": {
        "denque": "^1.4.0",
        "generate-function": "^2.3.1",
        "iconv-lite": "^0.4.24",
        "long": "^4.0.0",
        "lru-cache": "^4.1.3",
        "named-placeholders": "^1.1.2",
        "seq-queue": "^0.0.5",
        "sqlstring": "^2.3.1"
      },
      "dependencies": {
        "sqlstring": {
          "version": "2.3.1",
          "resolved": "https://registry.npmjs.org/sqlstring/-/sqlstring-2.3.1.tgz",
          "integrity": "sha1-R1OT/56RR5rqYtyvDKPRSYOn+0A="
        }
      }
    },
    "named-placeholders": {
      "version": "1.1.2",
      "resolved": "https://registry.npmjs.org/named-placeholders/-/named-placeholders-1.1.2.tgz",
      "integrity": "sha512-wiFWqxoLL3PGVReSZpjLVxyJ1bRqe+KKJVbr4hGs1KWfTZTQyezHFBbuKj9hsizHyGV2ne7EMjHdxEGAybD5SA==",
      "requires": {
        "lru-cache": "^4.1.3"
      }
    },
    "pseudomap": {
      "version": "1.0.2",
      "resolved": "https://registry.npmjs.org/pseudomap/-/pseudomap-1.0.2.tgz",
      "integrity": "sha1-8FKijacOYYkX7wqKw0wa5aaChrM="
    },
    "safer-buffer": {
      "version": "2.1.2",
      "resolved": "https://registry.npmjs.org/safer-buffer/-/safer-buffer-2.1.2.tgz",
      "integrity": "sha512-YZo3K82SD7Riyi0E1EQPojLz7kpepnSQI9IyPbHHg1XXXevb5dJI7tpyN2ADxGcQbHG7vcyRHk0cbwqcQriUtg=="
    },
    "seq-queue": {
      "version": "0.0.5",
      "resolved": "https://registry.npmjs.org/seq-queue/-/seq-queue-0.0.5.tgz",
      "integrity": "sha1-1WgS4cAXpuTnw+Ojeh2m143TyT4="
    },
    "sequelize": {
      "version": "4.42.0",
      "resolved": "http://registry.npm.taobao.org/sequelize/download/sequelize-4.42.0.tgz",
      "dev": true,
      "dependencies": {
        "bluebird": {
          "version": "http://registry.npm.taobao.org/bluebird/download/bluebird-3.5.3.tgz"
        },
        "cls-bluebird": {
          "version": "http://registry.npm.taobao.org/cls-bluebird/download/cls-bluebird-2.1.0.tgz",
          "dependencies": {
            "is-bluebird": {
              "version": "http://registry.npm.taobao.org/is-bluebird/download/is-bluebird-1.0.2.tgz"
            },
            "shimmer": {
              "version": "http://registry.npm.taobao.org/shimmer/download/shimmer-1.2.1.tgz"
            }
          }
        },
        "debug": {
          "version": "http://registry.npm.taobao.org/debug/download/debug-3.2.6.tgz"
        },
        "depd": {
          "version": "http://registry.npm.taobao.org/depd/download/depd-1.1.2.tgz"
        },
        "dottie": {
          "version": "http://registry.npm.taobao.org/dottie/download/dottie-2.0.1.tgz"
        },
        "generic-pool": {
          "version": "http://registry.npm.taobao.org/generic-pool/download/generic-pool-3.6.1.tgz"
        },
        "inflection": {
          "version": "http://registry.npm.taobao.org/inflection/download/inflection-1.12.0.tgz"
        },
        "lodash": {
          "version": "http://registry.npm.taobao.org/lodash/download/lodash-4.17.11.tgz"
        },
        "moment": {
          "version": "http://registry.npm.taobao.org/moment/download/moment-2.24.0.tgz"
        },
        "moment-timezone": {
          "version": "http://registry.npm.taobao.org/moment-timezone/download/moment-timezone-0.5.23.tgz"
        },
        "retry-as-promised": {
          "version": "http://registry.npm.taobao.org/retry-as-promised/download/retry-as-promised-2.3.2.tgz"
        },
        "semver": {
          "version": "http://registry.npm.taobao.org/semver/download/semver-5.6.0.tgz"
        },
        "terraformer-wkt-parser": {
          "version": "http://registry.npm.taobao.org/terraformer-wkt-parser/download/terraformer-wkt-parser-1.2.0.tgz"
        },
        "toposort-class": {
          "version": "http://registry.npm.taobao.org/toposort-class/download/toposort-class-1.0.1.tgz"
        },
        "uuid": {
          "version": "http://registry.npm.taobao.org/uuid/download/uuid-3.3.2.tgz"
        },
        "validator": {
          "version": "http://registry.npm.taobao.org/validator/download/validator-10.11.0.tgz"
        },
        "wkx": {
          "version": "http://registry.npm.taobao.org/wkx/download/wkx-0.4.6.tgz"
        }
      }
    },
    "yallist": {
      "version": "2.1.2",
      "resolved": "https://registry.npmjs.org/yallist/-/yallist-2.1.2.tgz",
      "integrity": "sha1-HBH5IY8HYImkfdUS+TxmmaaoHVI="
    }
  }
}
